{
  "nodes": {
    "age-keys": {
      "inputs": {
        "nixpkgs": "nixpkgs"
      },
      "locked": {
        "lastModified": 1677493953,
        "narHash": "sha256-44A4XWMXDwPnqfxHrF1JZE689VaKhbPGfEVfMx85hSQ=",
        "path": "/Users/lucian/.config/sops/age",
        "type": "path"
      },
      "original": {
        "path": "/Users/lucian/.config/sops/age",
        "type": "path"
      }
    },
    "knowledge-store": {
      "inputs": {
        "nixpkgs": [
          "nixpkgs"
        ]
      },
      "locked": {
        "lastModified": 1677684104,
        "narHash": "sha256-7KZd8yxyuYLpzNe+GV1KY8T9ecreHu03fqSgQgEQSXg=",
        "ref": "master",
        "rev": "83b495ff207162b44012b079a66f80f2f5835680",
        "revCount": 7,
        "type": "git",
        "url": "file:///Users/lucian/code/knowledge-store"
      },
      "original": {
        "type": "git",
        "url": "file:///Users/lucian/code/knowledge-store"
      }
    },
    "nixpkgs": {
      "locked": {
        "lastModified": 1669833724,
        "narHash": "sha256-/HEZNyGbnQecrgJnfE8d0WC5c1xuPSD2LUpB6YXlg4c=",
        "owner": "NixOS",
        "repo": "nixpkgs",
        "rev": "4d2b37a84fad1091b9de401eb450aae66f1a741e",
        "type": "github"
      },
      "original": {
        "owner": "NixOS",
        "ref": "22.11",
        "repo": "nixpkgs",
        "type": "github"
      }
    },
    "nixpkgs-stable": {
      "locked": {
        "lastModified": 1677367679,
        "narHash": "sha256-pOMXi7F9tcHls06Qv+7XCPASTJeXu47Jhd0Pk9du8T4=",
        "owner": "NixOS",
        "repo": "nixpkgs",
        "rev": "ea736343e4d4a052e023d54b23334cf685de479c",
        "type": "github"
      },
      "original": {
        "owner": "NixOS",
        "ref": "release-22.11",
        "repo": "nixpkgs",
        "type": "github"
      }
    },
    "nixpkgs_2": {
      "locked": {
        "lastModified": 1669833724,
        "narHash": "sha256-/HEZNyGbnQecrgJnfE8d0WC5c1xuPSD2LUpB6YXlg4c=",
        "owner": "NixOS",
        "repo": "nixpkgs",
        "rev": "4d2b37a84fad1091b9de401eb450aae66f1a741e",
        "type": "github"
      },
      "original": {
        "owner": "NixOS",
        "ref": "22.11",
        "repo": "nixpkgs",
        "type": "github"
      }
    },
    "root": {
      "inputs": {
        "age-keys": "age-keys",
        "knowledge-store": "knowledge-store",
        "nixpkgs": "nixpkgs_2",
        "sops-nix": "sops-nix",
        "wikis": "wikis"
      }
    },
    "sops-nix": {
      "inputs": {
        "nixpkgs": [
          "nixpkgs"
        ],
        "nixpkgs-stable": "nixpkgs-stable"
      },
      "locked": {
        "lastModified": 1677381477,
        "narHash": "sha256-NLzWgll+Q0Af8gI1ha34OHt7Y1GtOMYhCWQWV9LXE9Y=",
        "owner": "Mic92",
        "repo": "sops-nix",
        "rev": "83fe25c8019db8216f5c6ffc65b394707784b4f3",
        "type": "github"
      },
      "original": {
        "owner": "Mic92",
        "repo": "sops-nix",
        "type": "github"
      }
    },
    "wikis": {
      "inputs": {
        "nixpkgs": [
          "nixpkgs"
        ]
      },
      "locked": {
        "lastModified": 1677680053,
        "narHash": "sha256-4+QASredC2GMV+G+DIWFoYS7y18jVxs0T4TwEb6JJZA=",
        "type": "git",
        "url": "file:///Users/lucian/code/wikis"
      },
      "original": {
        "type": "git",
        "url": "file:///Users/lucian/code/wikis"
      }
    }
  },
  "root": "root",
  "version": 7
}
