{
  "nodes": {
    "darwin": {
      "inputs": {
        "nixpkgs": [
          "nixpkgs"
        ]
      },
      "locked": {
        "lastModified": 1686307493,
        "narHash": "sha256-R4VEFnDn7nRmNxAu1LwNbjns5DPM8IBsvnrWmZ8ymPs=",
        "owner": "lnl7",
        "repo": "nix-darwin",
        "rev": "7c16d31383a90e0e72ace0c35d2d66a18f90fb4f",
        "type": "github"
      },
      "original": {
        "owner": "lnl7",
        "ref": "master",
        "repo": "nix-darwin",
        "type": "github"
      }
    },
    "home-manager": {
      "inputs": {
        "nixpkgs": [
          "nixpkgs"
        ]
      },
      "locked": {
        "lastModified": 1667907331,
        "narHash": "sha256-bHkAwkYlBjkupPUFcQjimNS8gxWSWjOTevEuwdnp5m0=",
        "owner": "nix-community",
        "repo": "home-manager",
        "rev": "6639e3a837fc5deb6f99554072789724997bc8e5",
        "type": "github"
      },
      "original": {
        "owner": "nix-community",
        "ref": "release-22.05",
        "repo": "home-manager",
        "type": "github"
      }
    },
    "knowledge-store": {
      "inputs": {
        "nixpkgs": [
          "nixpkgs"
        ]
      },
      "locked": {
        "lastModified": 1677684104,
        "narHash": "sha256-7KZd8yxyuYLpzNe+GV1KY8T9ecreHu03fqSgQgEQSXg=",
        "ref": "master",
        "rev": "83b495ff207162b44012b079a66f80f2f5835680",
        "revCount": 7,
        "type": "git",
        "url": "file:///Users/lucian/code/web/knowledge-store"
      },
      "original": {
        "type": "git",
        "url": "file:///Users/lucian/code/web/knowledge-store"
      }
    },
    "nixpkgs": {
      "locked": {
        "lastModified": 1669833724,
        "narHash": "sha256-/HEZNyGbnQecrgJnfE8d0WC5c1xuPSD2LUpB6YXlg4c=",
        "owner": "NixOS",
        "repo": "nixpkgs",
        "rev": "4d2b37a84fad1091b9de401eb450aae66f1a741e",
        "type": "github"
      },
      "original": {
        "owner": "NixOS",
        "ref": "22.11",
        "repo": "nixpkgs",
        "type": "github"
      }
    },
    "nixpkgs-stable": {
      "locked": {
        "lastModified": 1677367679,
        "narHash": "sha256-pOMXi7F9tcHls06Qv+7XCPASTJeXu47Jhd0Pk9du8T4=",
        "owner": "NixOS",
        "repo": "nixpkgs",
        "rev": "ea736343e4d4a052e023d54b23334cf685de479c",
        "type": "github"
      },
      "original": {
        "owner": "NixOS",
        "ref": "release-22.11",
        "repo": "nixpkgs",
        "type": "github"
      }
    },
    "root": {
      "inputs": {
        "darwin": "darwin",
        "home-manager": "home-manager",
        "knowledge-store": "knowledge-store",
        "nixpkgs": "nixpkgs",
        "sops-nix": "sops-nix",
        "wikis": "wikis"
      }
    },
    "sops-nix": {
      "inputs": {
        "nixpkgs": [
          "nixpkgs"
        ],
        "nixpkgs-stable": "nixpkgs-stable"
      },
      "locked": {
        "lastModified": 1677381477,
        "narHash": "sha256-NLzWgll+Q0Af8gI1ha34OHt7Y1GtOMYhCWQWV9LXE9Y=",
        "owner": "Mic92",
        "repo": "sops-nix",
        "rev": "83fe25c8019db8216f5c6ffc65b394707784b4f3",
        "type": "github"
      },
      "original": {
        "owner": "Mic92",
        "repo": "sops-nix",
        "type": "github"
      }
    },
    "wikis": {
      "inputs": {
        "nixpkgs": [
          "nixpkgs"
        ]
      },
      "locked": {
        "lastModified": 1677680149,
        "narHash": "sha256-4+QASredC2GMV+G+DIWFoYS7y18jVxs0T4TwEb6JJZA=",
        "ref": "main",
        "rev": "734fd91892d1d4954144aa9d5e82daea5c695529",
        "revCount": 5,
        "type": "git",
        "url": "file:///Users/lucian/code/web/wikis"
      },
      "original": {
        "type": "git",
        "url": "file:///Users/lucian/code/web/wikis"
      }
    }
  },
  "root": "root",
  "version": 7
}
